
Microsoft Visual Studio Solution File, Format Version 12.00
# Visual Studio Version 16
VisualStudioVersion = 16.0.29709.97
MinimumVisualStudioVersion = 10.0.40219.1
Project("{FAE04EC0-301F-11D3-BF4B-00C04F79EFBC}") = "CocoRuleta04", "CocoRuleta04.csproj", "{67CB7082-2F1F-42E5-A7BD-24AAD05EF4DD}"
EndProject
Global
	GlobalSection(SolutionConfigurationPlatforms) = preSolution
		Debug|Any CPU = Debug|Any CPU
		Release|Any CPU = Release|Any CPU
	EndGlobalSection
	GlobalSection(ProjectConfigurationPlatforms) = postSolution
		{67CB7082-2F1F-42E5-A7BD-24AAD05EF4DD}.Debug|Any CPU.ActiveCfg = Debug|Any CPU
		{67CB7082-2F1F-42E5-A7BD-24AAD05EF4DD}.Debug|Any CPU.Build.0 = Debug|Any CPU
		{67CB7082-2F1F-42E5-A7BD-24AAD05EF4DD}.Release|Any CPU.ActiveCfg = Release|Any CPU
		{67CB7082-2F1F-42E5-A7BD-24AAD05EF4DD}.Release|Any CPU.Build.0 = Release|Any CPU
	EndGlobalSection
	GlobalSection(SolutionProperties) = preSolution
		HideSolutionNode = FALSE
	EndGlobalSection
	GlobalSection(ExtensibilityGlobals) = postSolution
		SolutionGuid = {4BAF479B-85A3-4B3B-B49B-8B287779CD27}
	EndGlobalSection
EndGlobal
